
Microsoft Visual Studio Solution File, Format Version 12.00
# Visual Studio Version 16
VisualStudioVersion = 16.0.30621.155
MinimumVisualStudioVersion = 10.0.40219.1
Project("{FAE04EC0-301F-11D3-BF4B-00C04F79EFBC}") = "ADObjectSearcher", "ADObjectSearcher.csproj", "{F52E6162-0762-4530-B677-B930AEF17717}"
EndProject
Global
	GlobalSection(SolutionConfigurationPlatforms) = preSolution
		Debug|Any CPU = Debug|Any CPU
		Release|Any CPU = Release|Any CPU
	EndGlobalSection
	GlobalSection(ProjectConfigurationPlatforms) = postSolution
		{F52E6162-0762-4530-B677-B930AEF17717}.Debug|Any CPU.ActiveCfg = Debug|Any CPU
		{F52E6162-0762-4530-B677-B930AEF17717}.Debug|Any CPU.Build.0 = Debug|Any CPU
		{F52E6162-0762-4530-B677-B930AEF17717}.Release|Any CPU.ActiveCfg = Release|Any CPU
		{F52E6162-0762-4530-B677-B930AEF17717}.Release|Any CPU.Build.0 = Release|Any CPU
	EndGlobalSection
	GlobalSection(SolutionProperties) = preSolution
		HideSolutionNode = FALSE
	EndGlobalSection
	GlobalSection(ExtensibilityGlobals) = postSolution
		SolutionGuid = {BC315899-959E-4AA0-9BB7-739FB56F80C6}
	EndGlobalSection
EndGlobal
